// !$*UTF8*$!
{
	archiveVersion = 1;
	classes = {
	};
	objectVersion = 52;
	objects = {

/* Begin PBXBuildFile section */
		6201BB512708C33400036E76 /* VKLoginController.swift in Sources */ = {isa = PBXBuildFile; fileRef = 6201BB502708C33400036E76 /* VKLoginController.swift */; };
		62074C602752766F005D0418 /* UserNewsModel.swift in Sources */ = {isa = PBXBuildFile; fileRef = 62074C5F2752766F005D0418 /* UserNewsModel.swift */; };
		62074C6227527993005D0418 /* GroupNewsModel.swift in Sources */ = {isa = PBXBuildFile; fileRef = 62074C6127527993005D0418 /* GroupNewsModel.swift */; };
		62081C9E270200670068B97C /* Main.storyboard in Resources */ = {isa = PBXBuildFile; fileRef = 62081C9D270200670068B97C /* Main.storyboard */; };
		620CAE30270899980090CB77 /* NetworkService.swift in Sources */ = {isa = PBXBuildFile; fileRef = 620CAE2F270899980090CB77 /* NetworkService.swift */; };
		621A17F42716CE2B008DF60C /* SearchGroupsModel.swift in Sources */ = {isa = PBXBuildFile; fileRef = 621A17F32716CE2B008DF60C /* SearchGroupsModel.swift */; };
		621A26A027B50F28001693BC /* SwiftyJSON in Frameworks */ = {isa = PBXBuildFile; productRef = 621A269F27B50F28001693BC /* SwiftyJSON */; };
		621A26A327B50F49001693BC /* PromiseKit in Frameworks */ = {isa = PBXBuildFile; productRef = 621A26A227B50F49001693BC /* PromiseKit */; };
		621A26A627B50F98001693BC /* Alamofire in Frameworks */ = {isa = PBXBuildFile; productRef = 621A26A527B50F98001693BC /* Alamofire */; };
		621A26A927B50FE3001693BC /* SDWebImage in Frameworks */ = {isa = PBXBuildFile; productRef = 621A26A827B50FE3001693BC /* SDWebImage */; };
		621A26AC27B510EC001693BC /* Realm in Frameworks */ = {isa = PBXBuildFile; productRef = 621A26AB27B510EC001693BC /* Realm */; };
		621A26AE27B510EC001693BC /* RealmSwift in Frameworks */ = {isa = PBXBuildFile; productRef = 621A26AD27B510EC001693BC /* RealmSwift */; };
		62317872271C96C700A42097 /* RealmService.swift in Sources */ = {isa = PBXBuildFile; fileRef = 62317871271C96C700A42097 /* RealmService.swift */; };
		62317874271CB97500A42097 /* RealmUsers.swift in Sources */ = {isa = PBXBuildFile; fileRef = 62317873271CB97500A42097 /* RealmUsers.swift */; };
		62317876271CB98A00A42097 /* RealmPhotos.swift in Sources */ = {isa = PBXBuildFile; fileRef = 62317875271CB98A00A42097 /* RealmPhotos.swift */; };
		623AEA6E26F33EFD00F87BD5 /* NewsTableViewController.swift in Sources */ = {isa = PBXBuildFile; fileRef = 623AEA6D26F33EFD00F87BD5 /* NewsTableViewController.swift */; };
		62461FF02755533F007318E5 /* LikeControl.swift in Sources */ = {isa = PBXBuildFile; fileRef = 62461FEF2755533F007318E5 /* LikeControl.swift */; };
		624900A0271C57360060FAA6 /* RealmGroups.swift in Sources */ = {isa = PBXBuildFile; fileRef = 6249009F271C57360060FAA6 /* RealmGroups.swift */; };
		6260D6AE26E7F8730003E12E /* PhotosCollectionViewCell.swift in Sources */ = {isa = PBXBuildFile; fileRef = 6260D6AD26E7F8730003E12E /* PhotosCollectionViewCell.swift */; };
		626610C2270CF15E0089C651 /* UserModel.swift in Sources */ = {isa = PBXBuildFile; fileRef = 626610C1270CF15E0089C651 /* UserModel.swift */; };
		626A00E6270F785A000E8F4C /* PhotosModel.swift in Sources */ = {isa = PBXBuildFile; fileRef = 626A00E5270F785A000E8F4C /* PhotosModel.swift */; };
		626A00E9270F78A1000E8F4C /* GroupsModel.swift in Sources */ = {isa = PBXBuildFile; fileRef = 626A00E8270F78A1000E8F4C /* GroupsModel.swift */; };
		62840107270A25D300E19405 /* AlphabetControl.swift in Sources */ = {isa = PBXBuildFile; fileRef = 62840106270A25D300E19405 /* AlphabetControl.swift */; };
		6287BD8D26D67A4E0087D600 /* SettingsViewController.swift in Sources */ = {isa = PBXBuildFile; fileRef = 6287BD8C26D67A4E0087D600 /* SettingsViewController.swift */; };
		6287BD8F26D67AAF0087D600 /* PhotoCollectionViewController.swift in Sources */ = {isa = PBXBuildFile; fileRef = 6287BD8E26D67AAF0087D600 /* PhotoCollectionViewController.swift */; };
		6287BD9126D67AE90087D600 /* CommunitiesListTableViewController.swift in Sources */ = {isa = PBXBuildFile; fileRef = 6287BD9026D67AE90087D600 /* CommunitiesListTableViewController.swift */; };
		628E852C26FF69C100FB5FAE /* extendedPhotoViewController.swift in Sources */ = {isa = PBXBuildFile; fileRef = 628E852B26FF69C100FB5FAE /* extendedPhotoViewController.swift */; };
		628E853026FF87AF00FB5FAE /* pushAnimator.swift in Sources */ = {isa = PBXBuildFile; fileRef = 628E852F26FF87AF00FB5FAE /* pushAnimator.swift */; };
		628E853426FF887200FB5FAE /* basicAnimator.swift in Sources */ = {isa = PBXBuildFile; fileRef = 628E853326FF887200FB5FAE /* basicAnimator.swift */; };
		628E853826FFA94F00FB5FAE /* popAnimator.swift in Sources */ = {isa = PBXBuildFile; fileRef = 628E853726FFA94F00FB5FAE /* popAnimator.swift */; };
		628E853B26FFABD400FB5FAE /* customNavigator.swift in Sources */ = {isa = PBXBuildFile; fileRef = 628E853A26FFABD400FB5FAE /* customNavigator.swift */; };
		62A2D25427B2E04D0089FA9A /* GroupsTableViewCell.swift in Sources */ = {isa = PBXBuildFile; fileRef = 62A2D25327B2E04D0089FA9A /* GroupsTableViewCell.swift */; };
		62A2D25627B2E0560089FA9A /* GroupsTableViewCell.xib in Resources */ = {isa = PBXBuildFile; fileRef = 62A2D25527B2E0560089FA9A /* GroupsTableViewCell.xib */; };
		62B572CE273C394A001B4689 /* NewsTableViewCellPhoto.swift in Sources */ = {isa = PBXBuildFile; fileRef = 62B572CD273C394A001B4689 /* NewsTableViewCellPhoto.swift */; };
		62B572D2273C452D001B4689 /* NewsHeaderSection.swift in Sources */ = {isa = PBXBuildFile; fileRef = 62B572D1273C452D001B4689 /* NewsHeaderSection.swift */; };
		62B572D4273C4574001B4689 /* NewsFooterSection.swift in Sources */ = {isa = PBXBuildFile; fileRef = 62B572D3273C4574001B4689 /* NewsFooterSection.swift */; };
		62BA53FF2704AFB5000F790A /* SessionPattern.swift in Sources */ = {isa = PBXBuildFile; fileRef = 62BA53FE2704AFB5000F790A /* SessionPattern.swift */; };
		62BBDB6A26CA6A3700144345 /* AppDelegate.swift in Sources */ = {isa = PBXBuildFile; fileRef = 62BBDB6926CA6A3700144345 /* AppDelegate.swift */; };
		62BBDB6C26CA6A3700144345 /* SceneDelegate.swift in Sources */ = {isa = PBXBuildFile; fileRef = 62BBDB6B26CA6A3700144345 /* SceneDelegate.swift */; };
		62BBDB6E26CA6A3700144345 /* LoginViewController.swift in Sources */ = {isa = PBXBuildFile; fileRef = 62BBDB6D26CA6A3700144345 /* LoginViewController.swift */; };
		62BBDB7326CA6A3800144345 /* Assets.xcassets in Resources */ = {isa = PBXBuildFile; fileRef = 62BBDB7226CA6A3800144345 /* Assets.xcassets */; };
		62BBDB7626CA6A3800144345 /* LaunchScreen.storyboard in Resources */ = {isa = PBXBuildFile; fileRef = 62BBDB7426CA6A3800144345 /* LaunchScreen.storyboard */; };
		62C457F427B2ABE000F6F1B5 /* StringExtension.swift in Sources */ = {isa = PBXBuildFile; fileRef = 62C457F327B2ABE000F6F1B5 /* StringExtension.swift */; };
		62D3EB1E26E6A64B00B8F1A2 /* AvatarView.swift in Sources */ = {isa = PBXBuildFile; fileRef = 62D3EB1D26E6A64B00B8F1A2 /* AvatarView.swift */; };
		62E39E99277E03C5000215E0 /* NewsTableViewCellPost.swift in Sources */ = {isa = PBXBuildFile; fileRef = 62E39E97277E03C5000215E0 /* NewsTableViewCellPost.swift */; };
		62E56F3326D6742800F825A7 /* CommunitiesTableViewController.swift in Sources */ = {isa = PBXBuildFile; fileRef = 62E56F3226D6742800F825A7 /* CommunitiesTableViewController.swift */; };
		62E8F54E274EC4250037A9A7 /* PostModel.swift in Sources */ = {isa = PBXBuildFile; fileRef = 62E8F54D274EC4250037A9A7 /* PostModel.swift */; };
		62F69BBD27329D4E0090B3BC /* NewFriendsTableViewController.swift in Sources */ = {isa = PBXBuildFile; fileRef = 62F69BBC27329D4E0090B3BC /* NewFriendsTableViewController.swift */; };
		62F69BBF27329E130090B3BC /* NewFriendsViewCell.swift in Sources */ = {isa = PBXBuildFile; fileRef = 62F69BBE27329E130090B3BC /* NewFriendsViewCell.swift */; };
/* End PBXBuildFile section */

/* Begin PBXFileReference section */
		6201BB502708C33400036E76 /* VKLoginController.swift */ = {isa = PBXFileReference; lastKnownFileType = sourcecode.swift; path = VKLoginController.swift; sourceTree = "<group>"; };
		62074C5F2752766F005D0418 /* UserNewsModel.swift */ = {isa = PBXFileReference; lastKnownFileType = sourcecode.swift; path = UserNewsModel.swift; sourceTree = "<group>"; };
		62074C6127527993005D0418 /* GroupNewsModel.swift */ = {isa = PBXFileReference; lastKnownFileType = sourcecode.swift; path = GroupNewsModel.swift; sourceTree = "<group>"; };
		62081C9D270200670068B97C /* Main.storyboard */ = {isa = PBXFileReference; fileEncoding = 4; lastKnownFileType = file.storyboard; path = Main.storyboard; sourceTree = "<group>"; };
		620CAE2F270899980090CB77 /* NetworkService.swift */ = {isa = PBXFileReference; lastKnownFileType = sourcecode.swift; path = NetworkService.swift; sourceTree = "<group>"; };
		621A17F32716CE2B008DF60C /* SearchGroupsModel.swift */ = {isa = PBXFileReference; lastKnownFileType = sourcecode.swift; path = SearchGroupsModel.swift; sourceTree = "<group>"; };
		622C308A279494AF00DD63A9 /* GroupsTableViewCell.xib */ = {isa = PBXFileReference; lastKnownFileType = file.xib; path = GroupsTableViewCell.xib; sourceTree = "<group>"; };
		62317871271C96C700A42097 /* RealmService.swift */ = {isa = PBXFileReference; lastKnownFileType = sourcecode.swift; path = RealmService.swift; sourceTree = "<group>"; };
		62317873271CB97500A42097 /* RealmUsers.swift */ = {isa = PBXFileReference; lastKnownFileType = sourcecode.swift; path = RealmUsers.swift; sourceTree = "<group>"; };
		62317875271CB98A00A42097 /* RealmPhotos.swift */ = {isa = PBXFileReference; lastKnownFileType = sourcecode.swift; path = RealmPhotos.swift; sourceTree = "<group>"; };
		623AEA6D26F33EFD00F87BD5 /* NewsTableViewController.swift */ = {isa = PBXFileReference; lastKnownFileType = sourcecode.swift; path = NewsTableViewController.swift; sourceTree = "<group>"; };
		62461FEF2755533F007318E5 /* LikeControl.swift */ = {isa = PBXFileReference; lastKnownFileType = sourcecode.swift; path = LikeControl.swift; sourceTree = "<group>"; };
		6249009F271C57360060FAA6 /* RealmGroups.swift */ = {isa = PBXFileReference; lastKnownFileType = sourcecode.swift; path = RealmGroups.swift; sourceTree = "<group>"; };
		6260D6AD26E7F8730003E12E /* PhotosCollectionViewCell.swift */ = {isa = PBXFileReference; lastKnownFileType = sourcecode.swift; path = PhotosCollectionViewCell.swift; sourceTree = "<group>"; };
		626610C1270CF15E0089C651 /* UserModel.swift */ = {isa = PBXFileReference; lastKnownFileType = sourcecode.swift; path = UserModel.swift; sourceTree = "<group>"; };
		6267A7D227B5223B000FCDC9 /* VKclient.app */ = {isa = PBXFileReference; explicitFileType = wrapper.application; includeInIndex = 0; path = VKclient.app; sourceTree = BUILT_PRODUCTS_DIR; };
		626A00E5270F785A000E8F4C /* PhotosModel.swift */ = {isa = PBXFileReference; lastKnownFileType = sourcecode.swift; path = PhotosModel.swift; sourceTree = "<group>"; };
		626A00E8270F78A1000E8F4C /* GroupsModel.swift */ = {isa = PBXFileReference; lastKnownFileType = sourcecode.swift; path = GroupsModel.swift; sourceTree = "<group>"; };
		62840106270A25D300E19405 /* AlphabetControl.swift */ = {isa = PBXFileReference; lastKnownFileType = sourcecode.swift; path = AlphabetControl.swift; sourceTree = "<group>"; };
		6287BD8C26D67A4E0087D600 /* SettingsViewController.swift */ = {isa = PBXFileReference; lastKnownFileType = sourcecode.swift; path = SettingsViewController.swift; sourceTree = "<group>"; };
		6287BD8E26D67AAF0087D600 /* PhotoCollectionViewController.swift */ = {isa = PBXFileReference; lastKnownFileType = sourcecode.swift; path = PhotoCollectionViewController.swift; sourceTree = "<group>"; };
		6287BD9026D67AE90087D600 /* CommunitiesListTableViewController.swift */ = {isa = PBXFileReference; lastKnownFileType = sourcecode.swift; path = CommunitiesListTableViewController.swift; sourceTree = "<group>"; };
		628E852B26FF69C100FB5FAE /* extendedPhotoViewController.swift */ = {isa = PBXFileReference; lastKnownFileType = sourcecode.swift; path = extendedPhotoViewController.swift; sourceTree = "<group>"; };
		628E852F26FF87AF00FB5FAE /* pushAnimator.swift */ = {isa = PBXFileReference; lastKnownFileType = sourcecode.swift; path = pushAnimator.swift; sourceTree = "<group>"; };
		628E853326FF887200FB5FAE /* basicAnimator.swift */ = {isa = PBXFileReference; lastKnownFileType = sourcecode.swift; path = basicAnimator.swift; sourceTree = "<group>"; };
		628E853726FFA94F00FB5FAE /* popAnimator.swift */ = {isa = PBXFileReference; lastKnownFileType = sourcecode.swift; path = popAnimator.swift; sourceTree = "<group>"; };
		628E853A26FFABD400FB5FAE /* customNavigator.swift */ = {isa = PBXFileReference; lastKnownFileType = sourcecode.swift; path = customNavigator.swift; sourceTree = "<group>"; };
		62A2D25327B2E04D0089FA9A /* GroupsTableViewCell.swift */ = {isa = PBXFileReference; fileEncoding = 4; lastKnownFileType = sourcecode.swift; path = GroupsTableViewCell.swift; sourceTree = "<group>"; };
		62A2D25527B2E0560089FA9A /* GroupsTableViewCell.xib */ = {isa = PBXFileReference; fileEncoding = 4; lastKnownFileType = file.xib; path = GroupsTableViewCell.xib; sourceTree = "<group>"; };
		62B572CD273C394A001B4689 /* NewsTableViewCellPhoto.swift */ = {isa = PBXFileReference; lastKnownFileType = sourcecode.swift; path = NewsTableViewCellPhoto.swift; sourceTree = "<group>"; };
		62B572D1273C452D001B4689 /* NewsHeaderSection.swift */ = {isa = PBXFileReference; lastKnownFileType = sourcecode.swift; path = NewsHeaderSection.swift; sourceTree = "<group>"; };
		62B572D3273C4574001B4689 /* NewsFooterSection.swift */ = {isa = PBXFileReference; lastKnownFileType = sourcecode.swift; path = NewsFooterSection.swift; sourceTree = "<group>"; };
		62BA53FE2704AFB5000F790A /* SessionPattern.swift */ = {isa = PBXFileReference; lastKnownFileType = sourcecode.swift; path = SessionPattern.swift; sourceTree = "<group>"; };
		62BBDB6926CA6A3700144345 /* AppDelegate.swift */ = {isa = PBXFileReference; lastKnownFileType = sourcecode.swift; path = AppDelegate.swift; sourceTree = "<group>"; };
		62BBDB6B26CA6A3700144345 /* SceneDelegate.swift */ = {isa = PBXFileReference; lastKnownFileType = sourcecode.swift; path = SceneDelegate.swift; sourceTree = "<group>"; };
		62BBDB6D26CA6A3700144345 /* LoginViewController.swift */ = {isa = PBXFileReference; lastKnownFileType = sourcecode.swift; path = LoginViewController.swift; sourceTree = "<group>"; };
		62BBDB7226CA6A3800144345 /* Assets.xcassets */ = {isa = PBXFileReference; lastKnownFileType = folder.assetcatalog; path = Assets.xcassets; sourceTree = "<group>"; };
		62BBDB7526CA6A3800144345 /* Base */ = {isa = PBXFileReference; lastKnownFileType = file.storyboard; name = Base; path = Base.lproj/LaunchScreen.storyboard; sourceTree = "<group>"; };
		62BBDB7726CA6A3800144345 /* Info.plist */ = {isa = PBXFileReference; lastKnownFileType = text.plist.xml; path = Info.plist; sourceTree = "<group>"; };
		62C457F327B2ABE000F6F1B5 /* StringExtension.swift */ = {isa = PBXFileReference; lastKnownFileType = sourcecode.swift; path = StringExtension.swift; sourceTree = "<group>"; };
		62D3EB1D26E6A64B00B8F1A2 /* AvatarView.swift */ = {isa = PBXFileReference; lastKnownFileType = sourcecode.swift; path = AvatarView.swift; sourceTree = "<group>"; };
		62E39E97277E03C5000215E0 /* NewsTableViewCellPost.swift */ = {isa = PBXFileReference; lastKnownFileType = sourcecode.swift; path = NewsTableViewCellPost.swift; sourceTree = "<group>"; };
		62E56F3226D6742800F825A7 /* CommunitiesTableViewController.swift */ = {isa = PBXFileReference; lastKnownFileType = sourcecode.swift; path = CommunitiesTableViewController.swift; sourceTree = "<group>"; };
		62E8F54D274EC4250037A9A7 /* PostModel.swift */ = {isa = PBXFileReference; lastKnownFileType = sourcecode.swift; path = PostModel.swift; sourceTree = "<group>"; };
		62ECB19327A3FFEB00DCF2E5 /* LoggingProxy.swift */ = {isa = PBXFileReference; lastKnownFileType = sourcecode.swift; path = LoggingProxy.swift; sourceTree = "<group>"; };
		62F69BBC27329D4E0090B3BC /* NewFriendsTableViewController.swift */ = {isa = PBXFileReference; lastKnownFileType = sourcecode.swift; path = NewFriendsTableViewController.swift; sourceTree = "<group>"; };
		62F69BBE27329E130090B3BC /* NewFriendsViewCell.swift */ = {isa = PBXFileReference; lastKnownFileType = sourcecode.swift; path = NewFriendsViewCell.swift; sourceTree = "<group>"; };
/* End PBXFileReference section */

/* Begin PBXFrameworksBuildPhase section */
		62BBDB6326CA6A3700144345 /* Frameworks */ = {
			isa = PBXFrameworksBuildPhase;
			buildActionMask = 2147483647;
			files = (
				621A26AE27B510EC001693BC /* RealmSwift in Frameworks */,
				621A26A627B50F98001693BC /* Alamofire in Frameworks */,
				621A26A027B50F28001693BC /* SwiftyJSON in Frameworks */,
				621A26A927B50FE3001693BC /* SDWebImage in Frameworks */,
				621A26A327B50F49001693BC /* PromiseKit in Frameworks */,
				621A26AC27B510EC001693BC /* Realm in Frameworks */,
			);
			runOnlyForDeploymentPostprocessing = 0;
		};
/* End PBXFrameworksBuildPhase section */

/* Begin PBXGroup section */
		620CAE2E270899810090CB77 /* Network */ = {
			isa = PBXGroup;
			children = (
				621C4E48276523BC00F2BB41 /* Operations */,
				620CAE2F270899980090CB77 /* NetworkService.swift */,
				62317871271C96C700A42097 /* RealmService.swift */,
			);
			path = Network;
			sourceTree = "<group>";
		};
		620FC6B027A42FF100B9F20D /* Recovered References */ = {
			isa = PBXGroup;
			children = (
				62ECB19327A3FFEB00DCF2E5 /* LoggingProxy.swift */,
				622C308A279494AF00DD63A9 /* GroupsTableViewCell.xib */,
			);
			name = "Recovered References";
			sourceTree = "<group>";
		};
		621771D726DBB71D00E54A7C /* Models */ = {
			isa = PBXGroup;
			children = (
				626A00E5270F785A000E8F4C /* PhotosModel.swift */,
				626610C1270CF15E0089C651 /* UserModel.swift */,
				626A00E8270F78A1000E8F4C /* GroupsModel.swift */,
				621A17F32716CE2B008DF60C /* SearchGroupsModel.swift */,
				62E8F54D274EC4250037A9A7 /* PostModel.swift */,
				62074C5F2752766F005D0418 /* UserNewsModel.swift */,
				62074C6127527993005D0418 /* GroupNewsModel.swift */,
				62B9EEA926E3A041000BCA91 /* Base */,
			);
			path = Models;
			sourceTree = "<group>";
		};
		621C4E48276523BC00F2BB41 /* Operations */ = {
			isa = PBXGroup;
			children = (
			);
			path = Operations;
			sourceTree = "<group>";
		};
		6249009E271C57250060FAA6 /* Realm models */ = {
			isa = PBXGroup;
			children = (
				62317875271CB98A00A42097 /* RealmPhotos.swift */,
				62317873271CB97500A42097 /* RealmUsers.swift */,
				6249009F271C57360060FAA6 /* RealmGroups.swift */,
			);
			path = "Realm models";
			sourceTree = "<group>";
		};
		62840105270A25B000E19405 /* Controls */ = {
			isa = PBXGroup;
			children = (
				62840106270A25D300E19405 /* AlphabetControl.swift */,
				62461FEF2755533F007318E5 /* LikeControl.swift */,
			);
			path = Controls;
			sourceTree = "<group>";
		};
		628E852D26FF874D00FB5FAE /* CustomTransition */ = {
			isa = PBXGroup;
			children = (
				628E853926FFABBB00FB5FAE /* customNavigatorController */,
				628E852E26FF876100FB5FAE /* Custom Animator */,
			);
			path = CustomTransition;
			sourceTree = "<group>";
		};
		628E852E26FF876100FB5FAE /* Custom Animator */ = {
			isa = PBXGroup;
			children = (
				628E853326FF887200FB5FAE /* basicAnimator.swift */,
				628E852F26FF87AF00FB5FAE /* pushAnimator.swift */,
				628E853726FFA94F00FB5FAE /* popAnimator.swift */,
			);
			path = "Custom Animator";
			sourceTree = "<group>";
		};
		628E853926FFABBB00FB5FAE /* customNavigatorController */ = {
			isa = PBXGroup;
			children = (
				628E853A26FFABD400FB5FAE /* customNavigator.swift */,
			);
			path = customNavigatorController;
			sourceTree = "<group>";
		};
		62B572D0273C44F0001B4689 /* HeadersAndFooters */ = {
			isa = PBXGroup;
			children = (
				62B572D1273C452D001B4689 /* NewsHeaderSection.swift */,
				62B572D3273C4574001B4689 /* NewsFooterSection.swift */,
			);
			path = HeadersAndFooters;
			sourceTree = "<group>";
		};
		62B9EEA626E39FC5000BCA91 /* CustomCells */ = {
			isa = PBXGroup;
			children = (
				62E39E97277E03C5000215E0 /* NewsTableViewCellPost.swift */,
				62B572CD273C394A001B4689 /* NewsTableViewCellPhoto.swift */,
				62A2D25527B2E0560089FA9A /* GroupsTableViewCell.xib */,
				62A2D25327B2E04D0089FA9A /* GroupsTableViewCell.swift */,
				62F69BBE27329E130090B3BC /* NewFriendsViewCell.swift */,
				62D3EB1D26E6A64B00B8F1A2 /* AvatarView.swift */,
				6260D6AD26E7F8730003E12E /* PhotosCollectionViewCell.swift */,
				62C457F327B2ABE000F6F1B5 /* StringExtension.swift */,
			);
			path = CustomCells;
			sourceTree = "<group>";
		};
		62B9EEA926E3A041000BCA91 /* Base */ = {
			isa = PBXGroup;
			children = (
				62BBDB6B26CA6A3700144345 /* SceneDelegate.swift */,
				62BBDB6926CA6A3700144345 /* AppDelegate.swift */,
			);
			path = Base;
			sourceTree = "<group>";
		};
		62BA53FD2704AF9C000F790A /* Patterns */ = {
			isa = PBXGroup;
			children = (
				62BA53FE2704AFB5000F790A /* SessionPattern.swift */,
			);
			path = Patterns;
			sourceTree = "<group>";
		};
		62BBDB5D26CA6A3700144345 = {
			isa = PBXGroup;
			children = (
				62BBDB6826CA6A3700144345 /* VKclient */,
				620FC6B027A42FF100B9F20D /* Recovered References */,
				6267A7D227B5223B000FCDC9 /* VKclient.app */,
			);
			sourceTree = "<group>";
		};
		62BBDB6826CA6A3700144345 /* VKclient */ = {
			isa = PBXGroup;
			children = (
				62840105270A25B000E19405 /* Controls */,
				620CAE2E270899810090CB77 /* Network */,
				62BA53FD2704AF9C000F790A /* Patterns */,
				628E852D26FF874D00FB5FAE /* CustomTransition */,
				62B572D0273C44F0001B4689 /* HeadersAndFooters */,
				62B9EEA626E39FC5000BCA91 /* CustomCells */,
				62BBFB5826D5930600C161F2 /* Controllers */,
				6249009E271C57250060FAA6 /* Realm models */,
				621771D726DBB71D00E54A7C /* Models */,
				62BBDB7226CA6A3800144345 /* Assets.xcassets */,
				62081C9D270200670068B97C /* Main.storyboard */,
				62BBDB7426CA6A3800144345 /* LaunchScreen.storyboard */,
				62BBDB7726CA6A3800144345 /* Info.plist */,
			);
			path = VKclient;
			sourceTree = "<group>";
		};
		62BBFB5826D5930600C161F2 /* Controllers */ = {
			isa = PBXGroup;
			children = (
				62F69BBC27329D4E0090B3BC /* NewFriendsTableViewController.swift */,
				62E56F3226D6742800F825A7 /* CommunitiesTableViewController.swift */,
				6287BD8E26D67AAF0087D600 /* PhotoCollectionViewController.swift */,
				628E852B26FF69C100FB5FAE /* extendedPhotoViewController.swift */,
				623AEA6D26F33EFD00F87BD5 /* NewsTableViewController.swift */,
				6287BD9026D67AE90087D600 /* CommunitiesListTableViewController.swift */,
				6287BD8C26D67A4E0087D600 /* SettingsViewController.swift */,
				62BBDB6D26CA6A3700144345 /* LoginViewController.swift */,
				6201BB502708C33400036E76 /* VKLoginController.swift */,
			);
			path = Controllers;
			sourceTree = "<group>";
		};
/* End PBXGroup section */

/* Begin PBXNativeTarget section */
		62BBDB6526CA6A3700144345 /* VKclient */ = {
			isa = PBXNativeTarget;
			buildConfigurationList = 62BBDB7A26CA6A3800144345 /* Build configuration list for PBXNativeTarget "VKclient" */;
			buildPhases = (
				62BBDB6226CA6A3700144345 /* Sources */,
				62BBDB6326CA6A3700144345 /* Frameworks */,
				62BBDB6426CA6A3700144345 /* Resources */,
			);
			buildRules = (
			);
			dependencies = (
			);
			name = VKclient;
			packageProductDependencies = (
				621A269F27B50F28001693BC /* SwiftyJSON */,
				621A26A227B50F49001693BC /* PromiseKit */,
				621A26A527B50F98001693BC /* Alamofire */,
				621A26A827B50FE3001693BC /* SDWebImage */,
				621A26AB27B510EC001693BC /* Realm */,
				621A26AD27B510EC001693BC /* RealmSwift */,
			);
			productName = ProjectTestLocalUI;
			productReference = 6267A7D227B5223B000FCDC9 /* VKclient.app */;
			productType = "com.apple.product-type.application";
		};
/* End PBXNativeTarget section */

/* Begin PBXProject section */
		62BBDB5E26CA6A3700144345 /* Project object */ = {
			isa = PBXProject;
			attributes = {
				LastSwiftUpdateCheck = 1250;
				LastUpgradeCheck = 1250;
				TargetAttributes = {
					62BBDB6526CA6A3700144345 = {
						CreatedOnToolsVersion = 12.5.1;
					};
				};
			};
			buildConfigurationList = 62BBDB6126CA6A3700144345 /* Build configuration list for PBXProject "VKclient" */;
			compatibilityVersion = "Xcode 9.3";
			developmentRegion = en;
			hasScannedForEncodings = 0;
			knownRegions = (
				en,
				Base,
			);
			mainGroup = 62BBDB5D26CA6A3700144345;
			packageReferences = (
				621A269E27B50F28001693BC /* XCRemoteSwiftPackageReference "SwiftyJSON" */,
				621A26A127B50F49001693BC /* XCRemoteSwiftPackageReference "PromiseKit" */,
				621A26A427B50F98001693BC /* XCRemoteSwiftPackageReference "Alamofire" */,
				621A26A727B50FE3001693BC /* XCRemoteSwiftPackageReference "SDWebImage" */,
				621A26AA27B510EC001693BC /* XCRemoteSwiftPackageReference "realm-swift" */,
			);
			productRefGroup = 62BBDB5D26CA6A3700144345;
			projectDirPath = "";
			projectRoot = "";
			targets = (
				62BBDB6526CA6A3700144345 /* VKclient */,
			);
		};
/* End PBXProject section */

/* Begin PBXResourcesBuildPhase section */
		62BBDB6426CA6A3700144345 /* Resources */ = {
			isa = PBXResourcesBuildPhase;
			buildActionMask = 2147483647;
			files = (
				62081C9E270200670068B97C /* Main.storyboard in Resources */,
				62A2D25627B2E0560089FA9A /* GroupsTableViewCell.xib in Resources */,
				62BBDB7626CA6A3800144345 /* LaunchScreen.storyboard in Resources */,
				62BBDB7326CA6A3800144345 /* Assets.xcassets in Resources */,
			);
			runOnlyForDeploymentPostprocessing = 0;
		};
/* End PBXResourcesBuildPhase section */

/* Begin PBXSourcesBuildPhase section */
		62BBDB6226CA6A3700144345 /* Sources */ = {
			isa = PBXSourcesBuildPhase;
			buildActionMask = 2147483647;
			files = (
				62BA53FF2704AFB5000F790A /* SessionPattern.swift in Sources */,
				62BBDB6E26CA6A3700144345 /* LoginViewController.swift in Sources */,
				620CAE30270899980090CB77 /* NetworkService.swift in Sources */,
				628E853B26FFABD400FB5FAE /* customNavigator.swift in Sources */,
				62E39E99277E03C5000215E0 /* NewsTableViewCellPost.swift in Sources */,
				624900A0271C57360060FAA6 /* RealmGroups.swift in Sources */,
				628E852C26FF69C100FB5FAE /* extendedPhotoViewController.swift in Sources */,
				62074C6227527993005D0418 /* GroupNewsModel.swift in Sources */,
				62B572D2273C452D001B4689 /* NewsHeaderSection.swift in Sources */,
				628E853426FF887200FB5FAE /* basicAnimator.swift in Sources */,
				62D3EB1E26E6A64B00B8F1A2 /* AvatarView.swift in Sources */,
				62C457F427B2ABE000F6F1B5 /* StringExtension.swift in Sources */,
				62317872271C96C700A42097 /* RealmService.swift in Sources */,
				62B572CE273C394A001B4689 /* NewsTableViewCellPhoto.swift in Sources */,
				62E8F54E274EC4250037A9A7 /* PostModel.swift in Sources */,
				621A17F42716CE2B008DF60C /* SearchGroupsModel.swift in Sources */,
				62BBDB6A26CA6A3700144345 /* AppDelegate.swift in Sources */,
				62317874271CB97500A42097 /* RealmUsers.swift in Sources */,
				62461FF02755533F007318E5 /* LikeControl.swift in Sources */,
				628E853026FF87AF00FB5FAE /* pushAnimator.swift in Sources */,
				6260D6AE26E7F8730003E12E /* PhotosCollectionViewCell.swift in Sources */,
				6287BD8F26D67AAF0087D600 /* PhotoCollectionViewController.swift in Sources */,
				62F69BBD27329D4E0090B3BC /* NewFriendsTableViewController.swift in Sources */,
				62840107270A25D300E19405 /* AlphabetControl.swift in Sources */,
				62317876271CB98A00A42097 /* RealmPhotos.swift in Sources */,
				626610C2270CF15E0089C651 /* UserModel.swift in Sources */,
				6287BD9126D67AE90087D600 /* CommunitiesListTableViewController.swift in Sources */,
				623AEA6E26F33EFD00F87BD5 /* NewsTableViewController.swift in Sources */,
				6201BB512708C33400036E76 /* VKLoginController.swift in Sources */,
				62074C602752766F005D0418 /* UserNewsModel.swift in Sources */,
				62BBDB6C26CA6A3700144345 /* SceneDelegate.swift in Sources */,
				62A2D25427B2E04D0089FA9A /* GroupsTableViewCell.swift in Sources */,
				626A00E6270F785A000E8F4C /* PhotosModel.swift in Sources */,
				628E853826FFA94F00FB5FAE /* popAnimator.swift in Sources */,
				62E56F3326D6742800F825A7 /* CommunitiesTableViewController.swift in Sources */,
				626A00E9270F78A1000E8F4C /* GroupsModel.swift in Sources */,
				62F69BBF27329E130090B3BC /* NewFriendsViewCell.swift in Sources */,
				6287BD8D26D67A4E0087D600 /* SettingsViewController.swift in Sources */,
				62B572D4273C4574001B4689 /* NewsFooterSection.swift in Sources */,
			);
			runOnlyForDeploymentPostprocessing = 0;
		};
/* End PBXSourcesBuildPhase section */

/* Begin PBXVariantGroup section */
		62BBDB7426CA6A3800144345 /* LaunchScreen.storyboard */ = {
			isa = PBXVariantGroup;
			children = (
				62BBDB7526CA6A3800144345 /* Base */,
			);
			name = LaunchScreen.storyboard;
			sourceTree = "<group>";
		};
/* End PBXVariantGroup section */

/* Begin XCBuildConfiguration section */
		62BBDB7826CA6A3800144345 /* Debug */ = {
			isa = XCBuildConfiguration;
			buildSettings = {
				ALWAYS_SEARCH_USER_PATHS = NO;
				CLANG_ANALYZER_NONNULL = YES;
				CLANG_ANALYZER_NUMBER_OBJECT_CONVERSION = YES_AGGRESSIVE;
				CLANG_CXX_LANGUAGE_STANDARD = "gnu++14";
				CLANG_CXX_LIBRARY = "libc++";
				CLANG_ENABLE_MODULES = YES;
				CLANG_ENABLE_OBJC_ARC = YES;
				CLANG_ENABLE_OBJC_WEAK = YES;
				CLANG_WARN_BLOCK_CAPTURE_AUTORELEASING = YES;
				CLANG_WARN_BOOL_CONVERSION = YES;
				CLANG_WARN_COMMA = YES;
				CLANG_WARN_CONSTANT_CONVERSION = YES;
				CLANG_WARN_DEPRECATED_OBJC_IMPLEMENTATIONS = YES;
				CLANG_WARN_DIRECT_OBJC_ISA_USAGE = YES_ERROR;
				CLANG_WARN_DOCUMENTATION_COMMENTS = YES;
				CLANG_WARN_EMPTY_BODY = YES;
				CLANG_WARN_ENUM_CONVERSION = YES;
				CLANG_WARN_INFINITE_RECURSION = YES;
				CLANG_WARN_INT_CONVERSION = YES;
				CLANG_WARN_NON_LITERAL_NULL_CONVERSION = YES;
				CLANG_WARN_OBJC_IMPLICIT_RETAIN_SELF = YES;
				CLANG_WARN_OBJC_LITERAL_CONVERSION = YES;
				CLANG_WARN_OBJC_ROOT_CLASS = YES_ERROR;
				CLANG_WARN_QUOTED_INCLUDE_IN_FRAMEWORK_HEADER = YES;
				CLANG_WARN_RANGE_LOOP_ANALYSIS = YES;
				CLANG_WARN_STRICT_PROTOTYPES = YES;
				CLANG_WARN_SUSPICIOUS_MOVE = YES;
				CLANG_WARN_UNGUARDED_AVAILABILITY = YES_AGGRESSIVE;
				CLANG_WARN_UNREACHABLE_CODE = YES;
				CLANG_WARN__DUPLICATE_METHOD_MATCH = YES;
				COPY_PHASE_STRIP = NO;
				DEBUG_INFORMATION_FORMAT = dwarf;
				ENABLE_STRICT_OBJC_MSGSEND = YES;
				ENABLE_TESTABILITY = YES;
				GCC_C_LANGUAGE_STANDARD = gnu11;
				GCC_DYNAMIC_NO_PIC = NO;
				GCC_NO_COMMON_BLOCKS = YES;
				GCC_OPTIMIZATION_LEVEL = 0;
				GCC_PREPROCESSOR_DEFINITIONS = (
					"DEBUG=1",
					"$(inherited)",
				);
				GCC_WARN_64_TO_32_BIT_CONVERSION = YES;
				GCC_WARN_ABOUT_RETURN_TYPE = YES_ERROR;
				GCC_WARN_UNDECLARED_SELECTOR = YES;
				GCC_WARN_UNINITIALIZED_AUTOS = YES_AGGRESSIVE;
				GCC_WARN_UNUSED_FUNCTION = YES;
				GCC_WARN_UNUSED_VARIABLE = YES;
				IPHONEOS_DEPLOYMENT_TARGET = 14.5;
				MTL_ENABLE_DEBUG_INFO = INCLUDE_SOURCE;
				MTL_FAST_MATH = YES;
				ONLY_ACTIVE_ARCH = YES;
				SDKROOT = iphoneos;
				SWIFT_ACTIVE_COMPILATION_CONDITIONS = DEBUG;
				SWIFT_OPTIMIZATION_LEVEL = "-Onone";
			};
			name = Debug;
		};
		62BBDB7926CA6A3800144345 /* Release */ = {
			isa = XCBuildConfiguration;
			buildSettings = {
				ALWAYS_SEARCH_USER_PATHS = NO;
				CLANG_ANALYZER_NONNULL = YES;
				CLANG_ANALYZER_NUMBER_OBJECT_CONVERSION = YES_AGGRESSIVE;
				CLANG_CXX_LANGUAGE_STANDARD = "gnu++14";
				CLANG_CXX_LIBRARY = "libc++";
				CLANG_ENABLE_MODULES = YES;
				CLANG_ENABLE_OBJC_ARC = YES;
				CLANG_ENABLE_OBJC_WEAK = YES;
				CLANG_WARN_BLOCK_CAPTURE_AUTORELEASING = YES;
				CLANG_WARN_BOOL_CONVERSION = YES;
				CLANG_WARN_COMMA = YES;
				CLANG_WARN_CONSTANT_CONVERSION = YES;
				CLANG_WARN_DEPRECATED_OBJC_IMPLEMENTATIONS = YES;
				CLANG_WARN_DIRECT_OBJC_ISA_USAGE = YES_ERROR;
				CLANG_WARN_DOCUMENTATION_COMMENTS = YES;
				CLANG_WARN_EMPTY_BODY = YES;
				CLANG_WARN_ENUM_CONVERSION = YES;
				CLANG_WARN_INFINITE_RECURSION = YES;
				CLANG_WARN_INT_CONVERSION = YES;
				CLANG_WARN_NON_LITERAL_NULL_CONVERSION = YES;
				CLANG_WARN_OBJC_IMPLICIT_RETAIN_SELF = YES;
				CLANG_WARN_OBJC_LITERAL_CONVERSION = YES;
				CLANG_WARN_OBJC_ROOT_CLASS = YES_ERROR;
				CLANG_WARN_QUOTED_INCLUDE_IN_FRAMEWORK_HEADER = YES;
				CLANG_WARN_RANGE_LOOP_ANALYSIS = YES;
				CLANG_WARN_STRICT_PROTOTYPES = YES;
				CLANG_WARN_SUSPICIOUS_MOVE = YES;
				CLANG_WARN_UNGUARDED_AVAILABILITY = YES_AGGRESSIVE;
				CLANG_WARN_UNREACHABLE_CODE = YES;
				CLANG_WARN__DUPLICATE_METHOD_MATCH = YES;
				COPY_PHASE_STRIP = NO;
				DEBUG_INFORMATION_FORMAT = "dwarf-with-dsym";
				ENABLE_NS_ASSERTIONS = NO;
				ENABLE_STRICT_OBJC_MSGSEND = YES;
				GCC_C_LANGUAGE_STANDARD = gnu11;
				GCC_NO_COMMON_BLOCKS = YES;
				GCC_WARN_64_TO_32_BIT_CONVERSION = YES;
				GCC_WARN_ABOUT_RETURN_TYPE = YES_ERROR;
				GCC_WARN_UNDECLARED_SELECTOR = YES;
				GCC_WARN_UNINITIALIZED_AUTOS = YES_AGGRESSIVE;
				GCC_WARN_UNUSED_FUNCTION = YES;
				GCC_WARN_UNUSED_VARIABLE = YES;
				IPHONEOS_DEPLOYMENT_TARGET = 14.5;
				MTL_ENABLE_DEBUG_INFO = NO;
				MTL_FAST_MATH = YES;
				SDKROOT = iphoneos;
				SWIFT_COMPILATION_MODE = wholemodule;
				SWIFT_OPTIMIZATION_LEVEL = "-O";
				VALIDATE_PRODUCT = YES;
			};
			name = Release;
		};
		62BBDB7B26CA6A3800144345 /* Debug */ = {
			isa = XCBuildConfiguration;
			buildSettings = {
				ASSETCATALOG_COMPILER_APPICON_NAME = AppIcon;
				ASSETCATALOG_COMPILER_GLOBAL_ACCENT_COLOR_NAME = AccentColor;
				CODE_SIGN_STYLE = Automatic;
				DEVELOPMENT_TEAM = 59ZJVMG2BA;
				INFOPLIST_FILE = VKclient/Info.plist;
				LD_RUNPATH_SEARCH_PATHS = (
					"$(inherited)",
					"@executable_path/Frameworks",
				);
				PRODUCT_BUNDLE_IDENTIFIER = testproject.com.alexgrg.ProjectTestLocalUI;
				PRODUCT_NAME = "$(TARGET_NAME)";
				SWIFT_VERSION = 5.0;
				TARGETED_DEVICE_FAMILY = "1,2";
			};
			name = Debug;
		};
		62BBDB7C26CA6A3800144345 /* Release */ = {
			isa = XCBuildConfiguration;
			buildSettings = {
				ASSETCATALOG_COMPILER_APPICON_NAME = AppIcon;
				ASSETCATALOG_COMPILER_GLOBAL_ACCENT_COLOR_NAME = AccentColor;
				CODE_SIGN_STYLE = Automatic;
				DEVELOPMENT_TEAM = 59ZJVMG2BA;
				INFOPLIST_FILE = VKclient/Info.plist;
				LD_RUNPATH_SEARCH_PATHS = (
					"$(inherited)",
					"@executable_path/Frameworks",
				);
				PRODUCT_BUNDLE_IDENTIFIER = testproject.com.alexgrg.ProjectTestLocalUI;
				PRODUCT_NAME = "$(TARGET_NAME)";
				SWIFT_VERSION = 5.0;
				TARGETED_DEVICE_FAMILY = "1,2";
			};
			name = Release;
		};
/* End XCBuildConfiguration section */

/* Begin XCConfigurationList section */
		62BBDB6126CA6A3700144345 /* Build configuration list for PBXProject "VKclient" */ = {
			isa = XCConfigurationList;
			buildConfigurations = (
				62BBDB7826CA6A3800144345 /* Debug */,
				62BBDB7926CA6A3800144345 /* Release */,
			);
			defaultConfigurationIsVisible = 0;
			defaultConfigurationName = Release;
		};
		62BBDB7A26CA6A3800144345 /* Build configuration list for PBXNativeTarget "VKclient" */ = {
			isa = XCConfigurationList;
			buildConfigurations = (
				62BBDB7B26CA6A3800144345 /* Debug */,
				62BBDB7C26CA6A3800144345 /* Release */,
			);
			defaultConfigurationIsVisible = 0;
			defaultConfigurationName = Release;
		};
/* End XCConfigurationList section */

/* Begin XCRemoteSwiftPackageReference section */
		621A269E27B50F28001693BC /* XCRemoteSwiftPackageReference "SwiftyJSON" */ = {
			isa = XCRemoteSwiftPackageReference;
			repositoryURL = "https://github.com/SwiftyJSON/SwiftyJSON";
			requirement = {
				kind = upToNextMajorVersion;
				minimumVersion = 5.0.0;
			};
		};
		621A26A127B50F49001693BC /* XCRemoteSwiftPackageReference "PromiseKit" */ = {
			isa = XCRemoteSwiftPackageReference;
			repositoryURL = "https://github.com/mxcl/PromiseKit";
			requirement = {
				kind = upToNextMajorVersion;
				minimumVersion = 6.0.0;
			};
		};
		621A26A427B50F98001693BC /* XCRemoteSwiftPackageReference "Alamofire" */ = {
			isa = XCRemoteSwiftPackageReference;
			repositoryURL = "https://github.com/Alamofire/Alamofire.git";
			requirement = {
				kind = upToNextMajorVersion;
				minimumVersion = 5.0.0;
			};
		};
		621A26A727B50FE3001693BC /* XCRemoteSwiftPackageReference "SDWebImage" */ = {
			isa = XCRemoteSwiftPackageReference;
			repositoryURL = "https://github.com/SDWebImage/SDWebImage.git";
			requirement = {
				kind = upToNextMajorVersion;
				minimumVersion = 5.0.0;
			};
		};
		621A26AA27B510EC001693BC /* XCRemoteSwiftPackageReference "realm-swift" */ = {
			isa = XCRemoteSwiftPackageReference;
			repositoryURL = "https://github.com/realm/realm-swift.git";
			requirement = {
				branch = master;
				kind = branch;
			};
		};
/* End XCRemoteSwiftPackageReference section */

/* Begin XCSwiftPackageProductDependency section */
		621A269F27B50F28001693BC /* SwiftyJSON */ = {
			isa = XCSwiftPackageProductDependency;
			package = 621A269E27B50F28001693BC /* XCRemoteSwiftPackageReference "SwiftyJSON" */;
			productName = SwiftyJSON;
		};
		621A26A227B50F49001693BC /* PromiseKit */ = {
			isa = XCSwiftPackageProductDependency;
			package = 621A26A127B50F49001693BC /* XCRemoteSwiftPackageReference "PromiseKit" */;
			productName = PromiseKit;
		};
		621A26A527B50F98001693BC /* Alamofire */ = {
			isa = XCSwiftPackageProductDependency;
			package = 621A26A427B50F98001693BC /* XCRemoteSwiftPackageReference "Alamofire" */;
			productName = Alamofire;
		};
		621A26A827B50FE3001693BC /* SDWebImage */ = {
			isa = XCSwiftPackageProductDependency;
			package = 621A26A727B50FE3001693BC /* XCRemoteSwiftPackageReference "SDWebImage" */;
			productName = SDWebImage;
		};
		621A26AB27B510EC001693BC /* Realm */ = {
			isa = XCSwiftPackageProductDependency;
			package = 621A26AA27B510EC001693BC /* XCRemoteSwiftPackageReference "realm-swift" */;
			productName = Realm;
		};
		621A26AD27B510EC001693BC /* RealmSwift */ = {
			isa = XCSwiftPackageProductDependency;
			package = 621A26AA27B510EC001693BC /* XCRemoteSwiftPackageReference "realm-swift" */;
			productName = RealmSwift;
		};
/* End XCSwiftPackageProductDependency section */
	};
	rootObject = 62BBDB5E26CA6A3700144345 /* Project object */;
}
